
Microsoft Visual Studio Solution File, Format Version 12.00
# Visual Studio Version 16
VisualStudioVersion = 16.0.32428.249
MinimumVisualStudioVersion = 10.0.40219.1
Project("{9A19103F-16F7-4668-BE54-9A1E7A4F7556}") = "Entities", "Entities\Entities.csproj", "{EEE342D8-8B1E-453F-B874-B38CBB7B4DFD}"
EndProject
Project("{9A19103F-16F7-4668-BE54-9A1E7A4F7556}") = "Business", "Business\Business.csproj", "{B2BA85A9-44BA-4034-9C5E-851D97EEFD84}"
EndProject
Project("{9A19103F-16F7-4668-BE54-9A1E7A4F7556}") = "ConsoleUI", "ConsoleUI\ConsoleUI.csproj", "{480DFEAA-D67A-4780-B5B8-D90E93352D66}"
EndProject
Project("{9A19103F-16F7-4668-BE54-9A1E7A4F7556}") = "DataAccess", "DataAccess\DataAccess.csproj", "{171D2B44-44F6-4184-8F39-52BED05DD2A5}"
EndProject
Project("{9A19103F-16F7-4668-BE54-9A1E7A4F7556}") = "Core", "Core\Core.csproj", "{8D685A89-72E6-42CA-B618-467DB9F54D49}"
EndProject
Project("{FAE04EC0-301F-11D3-BF4B-00C04F79EFBC}") = "WebAPI", "WebAPI\WebAPI.csproj", "{11D4F684-C7CE-440A-8314-817DEE12BE4C}"
EndProject
Global
	GlobalSection(SolutionConfigurationPlatforms) = preSolution
		Debug|Any CPU = Debug|Any CPU
		Release|Any CPU = Release|Any CPU
	EndGlobalSection
	GlobalSection(ProjectConfigurationPlatforms) = postSolution
		{EEE342D8-8B1E-453F-B874-B38CBB7B4DFD}.Debug|Any CPU.ActiveCfg = Debug|Any CPU
		{EEE342D8-8B1E-453F-B874-B38CBB7B4DFD}.Debug|Any CPU.Build.0 = Debug|Any CPU
		{EEE342D8-8B1E-453F-B874-B38CBB7B4DFD}.Release|Any CPU.ActiveCfg = Release|Any CPU
		{EEE342D8-8B1E-453F-B874-B38CBB7B4DFD}.Release|Any CPU.Build.0 = Release|Any CPU
		{B2BA85A9-44BA-4034-9C5E-851D97EEFD84}.Debug|Any CPU.ActiveCfg = Debug|Any CPU
		{B2BA85A9-44BA-4034-9C5E-851D97EEFD84}.Debug|Any CPU.Build.0 = Debug|Any CPU
		{B2BA85A9-44BA-4034-9C5E-851D97EEFD84}.Release|Any CPU.ActiveCfg = Release|Any CPU
		{B2BA85A9-44BA-4034-9C5E-851D97EEFD84}.Release|Any CPU.Build.0 = Release|Any CPU
		{480DFEAA-D67A-4780-B5B8-D90E93352D66}.Debug|Any CPU.ActiveCfg = Debug|Any CPU
		{480DFEAA-D67A-4780-B5B8-D90E93352D66}.Debug|Any CPU.Build.0 = Debug|Any CPU
		{480DFEAA-D67A-4780-B5B8-D90E93352D66}.Release|Any CPU.ActiveCfg = Release|Any CPU
		{480DFEAA-D67A-4780-B5B8-D90E93352D66}.Release|Any CPU.Build.0 = Release|Any CPU
		{171D2B44-44F6-4184-8F39-52BED05DD2A5}.Debug|Any CPU.ActiveCfg = Debug|Any CPU
		{171D2B44-44F6-4184-8F39-52BED05DD2A5}.Debug|Any CPU.Build.0 = Debug|Any CPU
		{171D2B44-44F6-4184-8F39-52BED05DD2A5}.Release|Any CPU.ActiveCfg = Release|Any CPU
		{171D2B44-44F6-4184-8F39-52BED05DD2A5}.Release|Any CPU.Build.0 = Release|Any CPU
		{8D685A89-72E6-42CA-B618-467DB9F54D49}.Debug|Any CPU.ActiveCfg = Debug|Any CPU
		{8D685A89-72E6-42CA-B618-467DB9F54D49}.Debug|Any CPU.Build.0 = Debug|Any CPU
		{8D685A89-72E6-42CA-B618-467DB9F54D49}.Release|Any CPU.ActiveCfg = Release|Any CPU
		{8D685A89-72E6-42CA-B618-467DB9F54D49}.Release|Any CPU.Build.0 = Release|Any CPU
		{11D4F684-C7CE-440A-8314-817DEE12BE4C}.Debug|Any CPU.ActiveCfg = Debug|Any CPU
		{11D4F684-C7CE-440A-8314-817DEE12BE4C}.Debug|Any CPU.Build.0 = Debug|Any CPU
		{11D4F684-C7CE-440A-8314-817DEE12BE4C}.Release|Any CPU.ActiveCfg = Release|Any CPU
		{11D4F684-C7CE-440A-8314-817DEE12BE4C}.Release|Any CPU.Build.0 = Release|Any CPU
	EndGlobalSection
	GlobalSection(SolutionProperties) = preSolution
		HideSolutionNode = FALSE
	EndGlobalSection
	GlobalSection(ExtensibilityGlobals) = postSolution
		SolutionGuid = {B83CF17B-D63A-4C6C-844C-21C4236BF24E}
	EndGlobalSection
EndGlobal
